
Microsoft Visual Studio Solution File, Format Version 12.00
# Visual Studio Version 17
VisualStudioVersion = 17.7.34031.279
MinimumVisualStudioVersion = 10.0.40219.1
Project("{FAE04EC0-301F-11D3-BF4B-00C04F79EFBC}") = "Freelancer", "Freelancer\Freelancer.csproj", "{E7902046-863C-499D-AC07-E17B303D3376}"
EndProject
Global
	GlobalSection(SolutionConfigurationPlatforms) = preSolution
		Debug|Any CPU = Debug|Any CPU
		Release|Any CPU = Release|Any CPU
	EndGlobalSection
	GlobalSection(ProjectConfigurationPlatforms) = postSolution
		{E7902046-863C-499D-AC07-E17B303D3376}.Debug|Any CPU.ActiveCfg = Debug|Any CPU
		{E7902046-863C-499D-AC07-E17B303D3376}.Debug|Any CPU.Build.0 = Debug|Any CPU
		{E7902046-863C-499D-AC07-E17B303D3376}.Release|Any CPU.ActiveCfg = Release|Any CPU
		{E7902046-863C-499D-AC07-E17B303D3376}.Release|Any CPU.Build.0 = Release|Any CPU
	EndGlobalSection
	GlobalSection(SolutionProperties) = preSolution
		HideSolutionNode = FALSE
	EndGlobalSection
	GlobalSection(ExtensibilityGlobals) = postSolution
		SolutionGuid = {0A4D2E54-4E62-4FC8-A3BA-FFBA6CE344CC}
	EndGlobalSection
EndGlobal
